// !$*UTF8*$!
{
	archiveVersion = 1;
	classes = {
	};
	objectVersion = 55;
	objects = {

/* Begin PBXBuildFile section */
		546DC5D32885E2DB0071A0C7 /* AppDelegate.swift in Sources */ = {isa = PBXBuildFile; fileRef = 546DC5D22885E2DB0071A0C7 /* AppDelegate.swift */; };
		546DC5D52885E2DB0071A0C7 /* SceneDelegate.swift in Sources */ = {isa = PBXBuildFile; fileRef = 546DC5D42885E2DB0071A0C7 /* SceneDelegate.swift */; };
		546DC5DA2885E2DB0071A0C7 /* Main.storyboard in Resources */ = {isa = PBXBuildFile; fileRef = 546DC5D82885E2DB0071A0C7 /* Main.storyboard */; };
		546DC5DD2885E2DB0071A0C7 /* toDo.xcdatamodeld in Sources */ = {isa = PBXBuildFile; fileRef = 546DC5DB2885E2DB0071A0C7 /* toDo.xcdatamodeld */; };
		546DC5DF2885E2E10071A0C7 /* Assets.xcassets in Resources */ = {isa = PBXBuildFile; fileRef = 546DC5DE2885E2E10071A0C7 /* Assets.xcassets */; };
		546DC5E22885E2E10071A0C7 /* LaunchScreen.storyboard in Resources */ = {isa = PBXBuildFile; fileRef = 546DC5E02885E2E10071A0C7 /* LaunchScreen.storyboard */; };
		546DC5ED2885E2E10071A0C7 /* toDoTests.swift in Sources */ = {isa = PBXBuildFile; fileRef = 546DC5EC2885E2E10071A0C7 /* toDoTests.swift */; };
		546DC5F72885E2E10071A0C7 /* toDoUITests.swift in Sources */ = {isa = PBXBuildFile; fileRef = 546DC5F62885E2E10071A0C7 /* toDoUITests.swift */; };
		546DC5F92885E2E10071A0C7 /* toDoUITestsLaunchTests.swift in Sources */ = {isa = PBXBuildFile; fileRef = 546DC5F82885E2E10071A0C7 /* toDoUITestsLaunchTests.swift */; };
		546DC6062886002F0071A0C7 /* ToDoTableViewController.swift in Sources */ = {isa = PBXBuildFile; fileRef = 546DC6052886002F0071A0C7 /* ToDoTableViewController.swift */; };
		546DC608288600640071A0C7 /* ToDo.swift in Sources */ = {isa = PBXBuildFile; fileRef = 546DC607288600640071A0C7 /* ToDo.swift */; };
		546DC60C28863B4F0071A0C7 /* AddToDoViewController.swift in Sources */ = {isa = PBXBuildFile; fileRef = 546DC60B28863B4F0071A0C7 /* AddToDoViewController.swift */; };
		546DC64D2886F7C40071A0C7 /* CompleteToDoViewController.swift in Sources */ = {isa = PBXBuildFile; fileRef = 546DC64C2886F7C40071A0C7 /* CompleteToDoViewController.swift */; };
/* End PBXBuildFile section */

/* Begin PBXContainerItemProxy section */
		546DC5E92885E2E10071A0C7 /* PBXContainerItemProxy */ = {
			isa = PBXContainerItemProxy;
			containerPortal = 546DC5C72885E2DB0071A0C7 /* Project object */;
			proxyType = 1;
			remoteGlobalIDString = 546DC5CE2885E2DB0071A0C7;
			remoteInfo = toDo;
		};
		546DC5F32885E2E10071A0C7 /* PBXContainerItemProxy */ = {
			isa = PBXContainerItemProxy;
			containerPortal = 546DC5C72885E2DB0071A0C7 /* Project object */;
			proxyType = 1;
			remoteGlobalIDString = 546DC5CE2885E2DB0071A0C7;
			remoteInfo = toDo;
		};
/* End PBXContainerItemProxy section */

/* Begin PBXFileReference section */
		546DC5CF2885E2DB0071A0C7 /* toDo.app */ = {isa = PBXFileReference; explicitFileType = wrapper.application; includeInIndex = 0; path = toDo.app; sourceTree = BUILT_PRODUCTS_DIR; };
		546DC5D22885E2DB0071A0C7 /* AppDelegate.swift */ = {isa = PBXFileReference; lastKnownFileType = sourcecode.swift; path = AppDelegate.swift; sourceTree = "<group>"; };
		546DC5D42885E2DB0071A0C7 /* SceneDelegate.swift */ = {isa = PBXFileReference; lastKnownFileType = sourcecode.swift; path = SceneDelegate.swift; sourceTree = "<group>"; };
		546DC5D92885E2DB0071A0C7 /* Base */ = {isa = PBXFileReference; lastKnownFileType = file.storyboard; name = Base; path = Base.lproj/Main.storyboard; sourceTree = "<group>"; };
		546DC5DC2885E2DB0071A0C7 /* toDo.xcdatamodel */ = {isa = PBXFileReference; lastKnownFileType = wrapper.xcdatamodel; path = toDo.xcdatamodel; sourceTree = "<group>"; };
		546DC5DE2885E2E10071A0C7 /* Assets.xcassets */ = {isa = PBXFileReference; lastKnownFileType = folder.assetcatalog; path = Assets.xcassets; sourceTree = "<group>"; };
		546DC5E12885E2E10071A0C7 /* Base */ = {isa = PBXFileReference; lastKnownFileType = file.storyboard; name = Base; path = Base.lproj/LaunchScreen.storyboard; sourceTree = "<group>"; };
		546DC5E32885E2E10071A0C7 /* Info.plist */ = {isa = PBXFileReference; lastKnownFileType = text.plist.xml; path = Info.plist; sourceTree = "<group>"; };
		546DC5E82885E2E10071A0C7 /* toDoTests.xctest */ = {isa = PBXFileReference; explicitFileType = wrapper.cfbundle; includeInIndex = 0; path = toDoTests.xctest; sourceTree = BUILT_PRODUCTS_DIR; };
		546DC5EC2885E2E10071A0C7 /* toDoTests.swift */ = {isa = PBXFileReference; lastKnownFileType = sourcecode.swift; path = toDoTests.swift; sourceTree = "<group>"; };
		546DC5F22885E2E10071A0C7 /* toDoUITests.xctest */ = {isa = PBXFileReference; explicitFileType = wrapper.cfbundle; includeInIndex = 0; path = toDoUITests.xctest; sourceTree = BUILT_PRODUCTS_DIR; };
		546DC5F62885E2E10071A0C7 /* toDoUITests.swift */ = {isa = PBXFileReference; lastKnownFileType = sourcecode.swift; path = toDoUITests.swift; sourceTree = "<group>"; };
		546DC5F82885E2E10071A0C7 /* toDoUITestsLaunchTests.swift */ = {isa = PBXFileReference; lastKnownFileType = sourcecode.swift; path = toDoUITestsLaunchTests.swift; sourceTree = "<group>"; };
		546DC6052886002F0071A0C7 /* ToDoTableViewController.swift */ = {isa = PBXFileReference; lastKnownFileType = sourcecode.swift; path = ToDoTableViewController.swift; sourceTree = "<group>"; };
		546DC607288600640071A0C7 /* ToDo.swift */ = {isa = PBXFileReference; lastKnownFileType = sourcecode.swift; path = ToDo.swift; sourceTree = "<group>"; };
		546DC60B28863B4F0071A0C7 /* AddToDoViewController.swift */ = {isa = PBXFileReference; lastKnownFileType = sourcecode.swift; path = AddToDoViewController.swift; sourceTree = "<group>"; };
		546DC64C2886F7C40071A0C7 /* CompleteToDoViewController.swift */ = {isa = PBXFileReference; lastKnownFileType = sourcecode.swift; path = CompleteToDoViewController.swift; sourceTree = "<group>"; };
/* End PBXFileReference section */

/* Begin PBXFrameworksBuildPhase section */
		546DC5CC2885E2DB0071A0C7 /* Frameworks */ = {
			isa = PBXFrameworksBuildPhase;
			buildActionMask = 2147483647;
			files = (
			);
			runOnlyForDeploymentPostprocessing = 0;
		};
		546DC5E52885E2E10071A0C7 /* Frameworks */ = {
			isa = PBXFrameworksBuildPhase;
			buildActionMask = 2147483647;
			files = (
			);
			runOnlyForDeploymentPostprocessing = 0;
		};
		546DC5EF2885E2E10071A0C7 /* Frameworks */ = {
			isa = PBXFrameworksBuildPhase;
			buildActionMask = 2147483647;
			files = (
			);
			runOnlyForDeploymentPostprocessing = 0;
		};
/* End PBXFrameworksBuildPhase section */

/* Begin PBXGroup section */
		546DC5C62885E2DB0071A0C7 = {
			isa = PBXGroup;
			children = (
				546DC5D12885E2DB0071A0C7 /* toDo */,
				546DC5EB2885E2E10071A0C7 /* toDoTests */,
				546DC5F52885E2E10071A0C7 /* toDoUITests */,
				546DC5D02885E2DB0071A0C7 /* Products */,
			);
			sourceTree = "<group>";
		};
		546DC5D02885E2DB0071A0C7 /* Products */ = {
			isa = PBXGroup;
			children = (
				546DC5CF2885E2DB0071A0C7 /* toDo.app */,
				546DC5E82885E2E10071A0C7 /* toDoTests.xctest */,
				546DC5F22885E2E10071A0C7 /* toDoUITests.xctest */,
			);
			name = Products;
			sourceTree = "<group>";
		};
		546DC5D12885E2DB0071A0C7 /* toDo */ = {
			isa = PBXGroup;
			children = (
				546DC5D22885E2DB0071A0C7 /* AppDelegate.swift */,
				546DC5D42885E2DB0071A0C7 /* SceneDelegate.swift */,
				546DC5D82885E2DB0071A0C7 /* Main.storyboard */,
				546DC64C2886F7C40071A0C7 /* CompleteToDoViewController.swift */,
				546DC60B28863B4F0071A0C7 /* AddToDoViewController.swift */,
				546DC607288600640071A0C7 /* ToDo.swift */,
				546DC6052886002F0071A0C7 /* ToDoTableViewController.swift */,
				546DC5DE2885E2E10071A0C7 /* Assets.xcassets */,
				546DC5E02885E2E10071A0C7 /* LaunchScreen.storyboard */,
				546DC5E32885E2E10071A0C7 /* Info.plist */,
				546DC5DB2885E2DB0071A0C7 /* toDo.xcdatamodeld */,
			);
			path = toDo;
			sourceTree = "<group>";
		};
		546DC5EB2885E2E10071A0C7 /* toDoTests */ = {
			isa = PBXGroup;
			children = (
				546DC5EC2885E2E10071A0C7 /* toDoTests.swift */,
			);
			path = toDoTests;
			sourceTree = "<group>";
		};
		546DC5F52885E2E10071A0C7 /* toDoUITests */ = {
			isa = PBXGroup;
			children = (
				546DC5F62885E2E10071A0C7 /* toDoUITests.swift */,
				546DC5F82885E2E10071A0C7 /* toDoUITestsLaunchTests.swift */,
			);
			path = toDoUITests;
			sourceTree = "<group>";
		};
/* End PBXGroup section */

/* Begin PBXNativeTarget section */
		546DC5CE2885E2DB0071A0C7 /* toDo */ = {
			isa = PBXNativeTarget;
			buildConfigurationList = 546DC5FC2885E2E10071A0C7 /* Build configuration list for PBXNativeTarget "toDo" */;
			buildPhases = (
				546DC5CB2885E2DB0071A0C7 /* Sources */,
				546DC5CC2885E2DB0071A0C7 /* Frameworks */,
				546DC5CD2885E2DB0071A0C7 /* Resources */,
			);
			buildRules = (
			);
			dependencies = (
			);
			name = toDo;
			productName = toDo;
			productReference = 546DC5CF2885E2DB0071A0C7 /* toDo.app */;
			productType = "com.apple.product-type.application";
		};
		546DC5E72885E2E10071A0C7 /* toDoTests */ = {
			isa = PBXNativeTarget;
			buildConfigurationList = 546DC5FF2885E2E10071A0C7 /* Build configuration list for PBXNativeTarget "toDoTests" */;
			buildPhases = (
				546DC5E42885E2E10071A0C7 /* Sources */,
				546DC5E52885E2E10071A0C7 /* Frameworks */,
				546DC5E62885E2E10071A0C7 /* Resources */,
			);
			buildRules = (
			);
			dependencies = (
				546DC5EA2885E2E10071A0C7 /* PBXTargetDependency */,
			);
			name = toDoTests;
			productName = toDoTests;
			productReference = 546DC5E82885E2E10071A0C7 /* toDoTests.xctest */;
			productType = "com.apple.product-type.bundle.unit-test";
		};
		546DC5F12885E2E10071A0C7 /* toDoUITests */ = {
			isa = PBXNativeTarget;
			buildConfigurationList = 546DC6022885E2E10071A0C7 /* Build configuration list for PBXNativeTarget "toDoUITests" */;
			buildPhases = (
				546DC5EE2885E2E10071A0C7 /* Sources */,
				546DC5EF2885E2E10071A0C7 /* Frameworks */,
				546DC5F02885E2E10071A0C7 /* Resources */,
			);
			buildRules = (
			);
			dependencies = (
				546DC5F42885E2E10071A0C7 /* PBXTargetDependency */,
			);
			name = toDoUITests;
			productName = toDoUITests;
			productReference = 546DC5F22885E2E10071A0C7 /* toDoUITests.xctest */;
			productType = "com.apple.product-type.bundle.ui-testing";
		};
/* End PBXNativeTarget section */

/* Begin PBXProject section */
		546DC5C72885E2DB0071A0C7 /* Project object */ = {
			isa = PBXProject;
			attributes = {
				BuildIndependentTargetsInParallel = 1;
				LastSwiftUpdateCheck = 1340;
				LastUpgradeCheck = 1340;
				TargetAttributes = {
					546DC5CE2885E2DB0071A0C7 = {
						CreatedOnToolsVersion = 13.4.1;
					};
					546DC5E72885E2E10071A0C7 = {
						CreatedOnToolsVersion = 13.4.1;
						TestTargetID = 546DC5CE2885E2DB0071A0C7;
					};
					546DC5F12885E2E10071A0C7 = {
						CreatedOnToolsVersion = 13.4.1;
						TestTargetID = 546DC5CE2885E2DB0071A0C7;
					};
				};
			};
			buildConfigurationList = 546DC5CA2885E2DB0071A0C7 /* Build configuration list for PBXProject "toDo" */;
			compatibilityVersion = "Xcode 13.0";
			developmentRegion = en;
			hasScannedForEncodings = 0;
			knownRegions = (
				en,
				Base,
			);
			mainGroup = 546DC5C62885E2DB0071A0C7;
			productRefGroup = 546DC5D02885E2DB0071A0C7 /* Products */;
			projectDirPath = "";
			projectRoot = "";
			targets = (
				546DC5CE2885E2DB0071A0C7 /* toDo */,
				546DC5E72885E2E10071A0C7 /* toDoTests */,
				546DC5F12885E2E10071A0C7 /* toDoUITests */,
			);
		};
/* End PBXProject section */

/* Begin PBXResourcesBuildPhase section */
		546DC5CD2885E2DB0071A0C7 /* Resources */ = {
			isa = PBXResourcesBuildPhase;
			buildActionMask = 2147483647;
			files = (
				546DC5E22885E2E10071A0C7 /* LaunchScreen.storyboard in Resources */,
				546DC5DF2885E2E10071A0C7 /* Assets.xcassets in Resources */,
				546DC5DA2885E2DB0071A0C7 /* Main.storyboard in Resources */,
			);
			runOnlyForDeploymentPostprocessing = 0;
		};
		546DC5E62885E2E10071A0C7 /* Resources */ = {
			isa = PBXResourcesBuildPhase;
			buildActionMask = 2147483647;
			files = (
			);
			runOnlyForDeploymentPostprocessing = 0;
		};
		546DC5F02885E2E10071A0C7 /* Resources */ = {
			isa = PBXResourcesBuildPhase;
			buildActionMask = 2147483647;
			files = (
			);
			runOnlyForDeploymentPostprocessing = 0;
		};
/* End PBXResourcesBuildPhase section */

/* Begin PBXSourcesBuildPhase section */
		546DC5CB2885E2DB0071A0C7 /* Sources */ = {
			isa = PBXSourcesBuildPhase;
			buildActionMask = 2147483647;
			files = (
				546DC5D32885E2DB0071A0C7 /* AppDelegate.swift in Sources */,
				546DC608288600640071A0C7 /* ToDo.swift in Sources */,
				546DC6062886002F0071A0C7 /* ToDoTableViewController.swift in Sources */,
				546DC64D2886F7C40071A0C7 /* CompleteToDoViewController.swift in Sources */,
				546DC5D52885E2DB0071A0C7 /* SceneDelegate.swift in Sources */,
				546DC60C28863B4F0071A0C7 /* AddToDoViewController.swift in Sources */,
				546DC5DD2885E2DB0071A0C7 /* toDo.xcdatamodeld in Sources */,
			);
			runOnlyForDeploymentPostprocessing = 0;
		};
		546DC5E42885E2E10071A0C7 /* Sources */ = {
			isa = PBXSourcesBuildPhase;
			buildActionMask = 2147483647;
			files = (
				546DC5ED2885E2E10071A0C7 /* toDoTests.swift in Sources */,
			);
			runOnlyForDeploymentPostprocessing = 0;
		};
		546DC5EE2885E2E10071A0C7 /* Sources */ = {
			isa = PBXSourcesBuildPhase;
			buildActionMask = 2147483647;
			files = (
				546DC5F92885E2E10071A0C7 /* toDoUITestsLaunchTests.swift in Sources */,
				546DC5F72885E2E10071A0C7 /* toDoUITests.swift in Sources */,
			);
			runOnlyForDeploymentPostprocessing = 0;
		};
/* End PBXSourcesBuildPhase section */

/* Begin PBXTargetDependency section */
		546DC5EA2885E2E10071A0C7 /* PBXTargetDependency */ = {
			isa = PBXTargetDependency;
			target = 546DC5CE2885E2DB0071A0C7 /* toDo */;
			targetProxy = 546DC5E92885E2E10071A0C7 /* PBXContainerItemProxy */;
		};
		546DC5F42885E2E10071A0C7 /* PBXTargetDependency */ = {
			isa = PBXTargetDependency;
			target = 546DC5CE2885E2DB0071A0C7 /* toDo */;
			targetProxy = 546DC5F32885E2E10071A0C7 /* PBXContainerItemProxy */;
		};
/* End PBXTargetDependency section */

/* Begin PBXVariantGroup section */
		546DC5D82885E2DB0071A0C7 /* Main.storyboard */ = {
			isa = PBXVariantGroup;
			children = (
				546DC5D92885E2DB0071A0C7 /* Base */,
			);
			name = Main.storyboard;
			sourceTree = "<group>";
		};
		546DC5E02885E2E10071A0C7 /* LaunchScreen.storyboard */ = {
			isa = PBXVariantGroup;
			children = (
				546DC5E12885E2E10071A0C7 /* Base */,
			);
			name = LaunchScreen.storyboard;
			sourceTree = "<group>";
		};
/* End PBXVariantGroup section */

/* Begin XCBuildConfiguration section */
		546DC5FA2885E2E10071A0C7 /* Debug */ = {
			isa = XCBuildConfiguration;
			buildSettings = {
				ALWAYS_SEARCH_USER_PATHS = NO;
				CLANG_ANALYZER_NONNULL = YES;
				CLANG_ANALYZER_NUMBER_OBJECT_CONVERSION = YES_AGGRESSIVE;
				CLANG_CXX_LANGUAGE_STANDARD = "gnu++17";
				CLANG_ENABLE_MODULES = YES;
				CLANG_ENABLE_OBJC_ARC = YES;
				CLANG_ENABLE_OBJC_WEAK = YES;
				CLANG_WARN_BLOCK_CAPTURE_AUTORELEASING = YES;
				CLANG_WARN_BOOL_CONVERSION = YES;
				CLANG_WARN_COMMA = YES;
				CLANG_WARN_CONSTANT_CONVERSION = YES;
				CLANG_WARN_DEPRECATED_OBJC_IMPLEMENTATIONS = YES;
				CLANG_WARN_DIRECT_OBJC_ISA_USAGE = YES_ERROR;
				CLANG_WARN_DOCUMENTATION_COMMENTS = YES;
				CLANG_WARN_EMPTY_BODY = YES;
				CLANG_WARN_ENUM_CONVERSION = YES;
				CLANG_WARN_INFINITE_RECURSION = YES;
				CLANG_WARN_INT_CONVERSION = YES;
				CLANG_WARN_NON_LITERAL_NULL_CONVERSION = YES;
				CLANG_WARN_OBJC_IMPLICIT_RETAIN_SELF = YES;
				CLANG_WARN_OBJC_LITERAL_CONVERSION = YES;
				CLANG_WARN_OBJC_ROOT_CLASS = YES_ERROR;
				CLANG_WARN_QUOTED_INCLUDE_IN_FRAMEWORK_HEADER = YES;
				CLANG_WARN_RANGE_LOOP_ANALYSIS = YES;
				CLANG_WARN_STRICT_PROTOTYPES = YES;
				CLANG_WARN_SUSPICIOUS_MOVE = YES;
				CLANG_WARN_UNGUARDED_AVAILABILITY = YES_AGGRESSIVE;
				CLANG_WARN_UNREACHABLE_CODE = YES;
				CLANG_WARN__DUPLICATE_METHOD_MATCH = YES;
				COPY_PHASE_STRIP = NO;
				DEBUG_INFORMATION_FORMAT = dwarf;
				ENABLE_STRICT_OBJC_MSGSEND = YES;
				ENABLE_TESTABILITY = YES;
				GCC_C_LANGUAGE_STANDARD = gnu11;
				GCC_DYNAMIC_NO_PIC = NO;
				GCC_NO_COMMON_BLOCKS = YES;
				GCC_OPTIMIZATION_LEVEL = 0;
				GCC_PREPROCESSOR_DEFINITIONS = (
					"DEBUG=1",
					"$(inherited)",
				);
				GCC_WARN_64_TO_32_BIT_CONVERSION = YES;
				GCC_WARN_ABOUT_RETURN_TYPE = YES_ERROR;
				GCC_WARN_UNDECLARED_SELECTOR = YES;
				GCC_WARN_UNINITIALIZED_AUTOS = YES_AGGRESSIVE;
				GCC_WARN_UNUSED_FUNCTION = YES;
				GCC_WARN_UNUSED_VARIABLE = YES;
				IPHONEOS_DEPLOYMENT_TARGET = 15.5;
				MTL_ENABLE_DEBUG_INFO = INCLUDE_SOURCE;
				MTL_FAST_MATH = YES;
				ONLY_ACTIVE_ARCH = YES;
				SDKROOT = iphoneos;
				SWIFT_ACTIVE_COMPILATION_CONDITIONS = DEBUG;
				SWIFT_OPTIMIZATION_LEVEL = "-Onone";
			};
			name = Debug;
		};
		546DC5FB2885E2E10071A0C7 /* Release */ = {
			isa = XCBuildConfiguration;
			buildSettings = {
				ALWAYS_SEARCH_USER_PATHS = NO;
				CLANG_ANALYZER_NONNULL = YES;
				CLANG_ANALYZER_NUMBER_OBJECT_CONVERSION = YES_AGGRESSIVE;
				CLANG_CXX_LANGUAGE_STANDARD = "gnu++17";
				CLANG_ENABLE_MODULES = YES;
				CLANG_ENABLE_OBJC_ARC = YES;
				CLANG_ENABLE_OBJC_WEAK = YES;
				CLANG_WARN_BLOCK_CAPTURE_AUTORELEASING = YES;
				CLANG_WARN_BOOL_CONVERSION = YES;
				CLANG_WARN_COMMA = YES;
				CLANG_WARN_CONSTANT_CONVERSION = YES;
				CLANG_WARN_DEPRECATED_OBJC_IMPLEMENTATIONS = YES;
				CLANG_WARN_DIRECT_OBJC_ISA_USAGE = YES_ERROR;
				CLANG_WARN_DOCUMENTATION_COMMENTS = YES;
				CLANG_WARN_EMPTY_BODY = YES;
				CLANG_WARN_ENUM_CONVERSION = YES;
				CLANG_WARN_INFINITE_RECURSION = YES;
				CLANG_WARN_INT_CONVERSION = YES;
				CLANG_WARN_NON_LITERAL_NULL_CONVERSION = YES;
				CLANG_WARN_OBJC_IMPLICIT_RETAIN_SELF = YES;
				CLANG_WARN_OBJC_LITERAL_CONVERSION = YES;
				CLANG_WARN_OBJC_ROOT_CLASS = YES_ERROR;
				CLANG_WARN_QUOTED_INCLUDE_IN_FRAMEWORK_HEADER = YES;
				CLANG_WARN_RANGE_LOOP_ANALYSIS = YES;
				CLANG_WARN_STRICT_PROTOTYPES = YES;
				CLANG_WARN_SUSPICIOUS_MOVE = YES;
				CLANG_WARN_UNGUARDED_AVAILABILITY = YES_AGGRESSIVE;
				CLANG_WARN_UNREACHABLE_CODE = YES;
				CLANG_WARN__DUPLICATE_METHOD_MATCH = YES;
				COPY_PHASE_STRIP = NO;
				DEBUG_INFORMATION_FORMAT = "dwarf-with-dsym";
				ENABLE_NS_ASSERTIONS = NO;
				ENABLE_STRICT_OBJC_MSGSEND = YES;
				GCC_C_LANGUAGE_STANDARD = gnu11;
				GCC_NO_COMMON_BLOCKS = YES;
				GCC_WARN_64_TO_32_BIT_CONVERSION = YES;
				GCC_WARN_ABOUT_RETURN_TYPE = YES_ERROR;
				GCC_WARN_UNDECLARED_SELECTOR = YES;
				GCC_WARN_UNINITIALIZED_AUTOS = YES_AGGRESSIVE;
				GCC_WARN_UNUSED_FUNCTION = YES;
				GCC_WARN_UNUSED_VARIABLE = YES;
				IPHONEOS_DEPLOYMENT_TARGET = 15.5;
				MTL_ENABLE_DEBUG_INFO = NO;
				MTL_FAST_MATH = YES;
				SDKROOT = iphoneos;
				SWIFT_COMPILATION_MODE = wholemodule;
				SWIFT_OPTIMIZATION_LEVEL = "-O";
				VALIDATE_PRODUCT = YES;
			};
			name = Release;
		};
		546DC5FD2885E2E10071A0C7 /* Debug */ = {
			isa = XCBuildConfiguration;
			buildSettings = {
				ASSETCATALOG_COMPILER_APPICON_NAME = AppIcon;
				ASSETCATALOG_COMPILER_GLOBAL_ACCENT_COLOR_NAME = AccentColor;
				CODE_SIGN_STYLE = Automatic;
				CURRENT_PROJECT_VERSION = 1;
				GENERATE_INFOPLIST_FILE = YES;
				INFOPLIST_FILE = toDo/Info.plist;
				INFOPLIST_KEY_UIApplicationSupportsIndirectInputEvents = YES;
				INFOPLIST_KEY_UILaunchStoryboardName = LaunchScreen;
				INFOPLIST_KEY_UIMainStoryboardFile = Main;
				INFOPLIST_KEY_UISupportedInterfaceOrientations_iPad = "UIInterfaceOrientationPortrait UIInterfaceOrientationPortraitUpsideDown UIInterfaceOrientationLandscapeLeft UIInterfaceOrientationLandscapeRight";
				INFOPLIST_KEY_UISupportedInterfaceOrientations_iPhone = "UIInterfaceOrientationPortrait UIInterfaceOrientationLandscapeLeft UIInterfaceOrientationLandscapeRight";
				LD_RUNPATH_SEARCH_PATHS = (
					"$(inherited)",
					"@executable_path/Frameworks",
				);
				MARKETING_VERSION = 1.0;
				PRODUCT_BUNDLE_IDENTIFIER = com.example.kwk.toDo;
				PRODUCT_NAME = "$(TARGET_NAME)";
				SWIFT_EMIT_LOC_STRINGS = YES;
				SWIFT_VERSION = 5.0;
				TARGETED_DEVICE_FAMILY = "1,2";
			};
			name = Debug;
		};
		546DC5FE2885E2E10071A0C7 /* Release */ = {
			isa = XCBuildConfiguration;
			buildSettings = {
				ASSETCATALOG_COMPILER_APPICON_NAME = AppIcon;
				ASSETCATALOG_COMPILER_GLOBAL_ACCENT_COLOR_NAME = AccentColor;
				CODE_SIGN_STYLE = Automatic;
				CURRENT_PROJECT_VERSION = 1;
				GENERATE_INFOPLIST_FILE = YES;
				INFOPLIST_FILE = toDo/Info.plist;
				INFOPLIST_KEY_UIApplicationSupportsIndirectInputEvents = YES;
				INFOPLIST_KEY_UILaunchStoryboardName = LaunchScreen;
				INFOPLIST_KEY_UIMainStoryboardFile = Main;
				INFOPLIST_KEY_UISupportedInterfaceOrientations_iPad = "UIInterfaceOrientationPortrait UIInterfaceOrientationPortraitUpsideDown UIInterfaceOrientationLandscapeLeft UIInterfaceOrientationLandscapeRight";
				INFOPLIST_KEY_UISupportedInterfaceOrientations_iPhone = "UIInterfaceOrientationPortrait UIInterfaceOrientationLandscapeLeft UIInterfaceOrientationLandscapeRight";
				LD_RUNPATH_SEARCH_PATHS = (
					"$(inherited)",
					"@executable_path/Frameworks",
				);
				MARKETING_VERSION = 1.0;
				PRODUCT_BUNDLE_IDENTIFIER = com.example.kwk.toDo;
				PRODUCT_NAME = "$(TARGET_NAME)";
				SWIFT_EMIT_LOC_STRINGS = YES;
				SWIFT_VERSION = 5.0;
				TARGETED_DEVICE_FAMILY = "1,2";
			};
			name = Release;
		};
		546DC6002885E2E10071A0C7 /* Debug */ = {
			isa = XCBuildConfiguration;
			buildSettings = {
				ALWAYS_EMBED_SWIFT_STANDARD_LIBRARIES = YES;
				BUNDLE_LOADER = "$(TEST_HOST)";
				CODE_SIGN_STYLE = Automatic;
				CURRENT_PROJECT_VERSION = 1;
				GENERATE_INFOPLIST_FILE = YES;
				IPHONEOS_DEPLOYMENT_TARGET = 15.5;
				MARKETING_VERSION = 1.0;
				PRODUCT_BUNDLE_IDENTIFIER = com.example.kwk.toDoTests;
				PRODUCT_NAME = "$(TARGET_NAME)";
				SWIFT_EMIT_LOC_STRINGS = NO;
				SWIFT_VERSION = 5.0;
				TARGETED_DEVICE_FAMILY = "1,2";
				TEST_HOST = "$(BUILT_PRODUCTS_DIR)/toDo.app/toDo";
			};
			name = Debug;
		};
		546DC6012885E2E10071A0C7 /* Release */ = {
			isa = XCBuildConfiguration;
			buildSettings = {
				ALWAYS_EMBED_SWIFT_STANDARD_LIBRARIES = YES;
				BUNDLE_LOADER = "$(TEST_HOST)";
				CODE_SIGN_STYLE = Automatic;
				CURRENT_PROJECT_VERSION = 1;
				GENERATE_INFOPLIST_FILE = YES;
				IPHONEOS_DEPLOYMENT_TARGET = 15.5;
				MARKETING_VERSION = 1.0;
				PRODUCT_BUNDLE_IDENTIFIER = com.example.kwk.toDoTests;
				PRODUCT_NAME = "$(TARGET_NAME)";
				SWIFT_EMIT_LOC_STRINGS = NO;
				SWIFT_VERSION = 5.0;
				TARGETED_DEVICE_FAMILY = "1,2";
				TEST_HOST = "$(BUILT_PRODUCTS_DIR)/toDo.app/toDo";
			};
			name = Release;
		};
		546DC6032885E2E10071A0C7 /* Debug */ = {
			isa = XCBuildConfiguration;
			buildSettings = {
				ALWAYS_EMBED_SWIFT_STANDARD_LIBRARIES = YES;
				CODE_SIGN_STYLE = Automatic;
				CURRENT_PROJECT_VERSION = 1;
				GENERATE_INFOPLIST_FILE = YES;
				MARKETING_VERSION = 1.0;
				PRODUCT_BUNDLE_IDENTIFIER = com.example.kwk.toDoUITests;
				PRODUCT_NAME = "$(TARGET_NAME)";
				SWIFT_EMIT_LOC_STRINGS = NO;
				SWIFT_VERSION = 5.0;
				TARGETED_DEVICE_FAMILY = "1,2";
				TEST_TARGET_NAME = toDo;
			};
			name = Debug;
		};
		546DC6042885E2E10071A0C7 /* Release */ = {
			isa = XCBuildConfiguration;
			buildSettings = {
				ALWAYS_EMBED_SWIFT_STANDARD_LIBRARIES = YES;
				CODE_SIGN_STYLE = Automatic;
				CURRENT_PROJECT_VERSION = 1;
				GENERATE_INFOPLIST_FILE = YES;
				MARKETING_VERSION = 1.0;
				PRODUCT_BUNDLE_IDENTIFIER = com.example.kwk.toDoUITests;
				PRODUCT_NAME = "$(TARGET_NAME)";
				SWIFT_EMIT_LOC_STRINGS = NO;
				SWIFT_VERSION = 5.0;
				TARGETED_DEVICE_FAMILY = "1,2";
				TEST_TARGET_NAME = toDo;
			};
			name = Release;
		};
/* End XCBuildConfiguration section */

/* Begin XCConfigurationList section */
		546DC5CA2885E2DB0071A0C7 /* Build configuration list for PBXProject "toDo" */ = {
			isa = XCConfigurationList;
			buildConfigurations = (
				546DC5FA2885E2E10071A0C7 /* Debug */,
				546DC5FB2885E2E10071A0C7 /* Release */,
			);
			defaultConfigurationIsVisible = 0;
			defaultConfigurationName = Release;
		};
		546DC5FC2885E2E10071A0C7 /* Build configuration list for PBXNativeTarget "toDo" */ = {
			isa = XCConfigurationList;
			buildConfigurations = (
				546DC5FD2885E2E10071A0C7 /* Debug */,
				546DC5FE2885E2E10071A0C7 /* Release */,
			);
			defaultConfigurationIsVisible = 0;
			defaultConfigurationName = Release;
		};
		546DC5FF2885E2E10071A0C7 /* Build configuration list for PBXNativeTarget "toDoTests" */ = {
			isa = XCConfigurationList;
			buildConfigurations = (
				546DC6002885E2E10071A0C7 /* Debug */,
				546DC6012885E2E10071A0C7 /* Release */,
			);
			defaultConfigurationIsVisible = 0;
			defaultConfigurationName = Release;
		};
		546DC6022885E2E10071A0C7 /* Build configuration list for PBXNativeTarget "toDoUITests" */ = {
			isa = XCConfigurationList;
			buildConfigurations = (
				546DC6032885E2E10071A0C7 /* Debug */,
				546DC6042885E2E10071A0C7 /* Release */,
			);
			defaultConfigurationIsVisible = 0;
			defaultConfigurationName = Release;
		};
/* End XCConfigurationList section */

/* Begin XCVersionGroup section */
		546DC5DB2885E2DB0071A0C7 /* toDo.xcdatamodeld */ = {
			isa = XCVersionGroup;
			children = (
				546DC5DC2885E2DB0071A0C7 /* toDo.xcdatamodel */,
			);
			currentVersion = 546DC5DC2885E2DB0071A0C7 /* toDo.xcdatamodel */;
			path = toDo.xcdatamodeld;
			sourceTree = "<group>";
			versionGroupType = wrapper.xcdatamodel;
		};
/* End XCVersionGroup section */
	};
	rootObject = 546DC5C72885E2DB0071A0C7 /* Project object */;
}
